<Solution>
  <Folder Name="/Jedster.Plugins/">
    <Project Path="Jedster.Plugins/Jedster.Plugins.EntityFrameworkCorePSQL/Jedster.Plugins.EntityFrameworkCorePSQL.csproj" />
    <Project Path="Jedster.Plugins/Jedster.Plugins.InMemory/Jedster.Plugins.InMemory.csproj" />
  </Folder>
  <Project Path="Jedster.CoreBusiness\Jedster.CoreBusiness.csproj" />
  <Project Path="Jedster.UseCases/Jedster.UseCases.csproj" />
  <Project Path="Jedster.WebApp/Jedster.WebApp.csproj" />
</Solution>
